
Microsoft Visual Studio Solution File, Format Version 11.00
# Visual Studio 2010
Project("{8BC9CEB8-8B4A-11D0-8D11-00A0C91BC942}") = "2D_Top_Down_Shooter", "2D_Top_Down_Shooter\2D_Top_Down_Shooter.vcxproj", "{9563BB82-4A5E-4A41-9E24-67386093D0BD}"
EndProject
Global
	GlobalSection(SolutionConfigurationPlatforms) = preSolution
		Debug|Win32 = Debug|Win32
		Release|Win32 = Release|Win32
	EndGlobalSection
	GlobalSection(ProjectConfigurationPlatforms) = postSolution
		{9563BB82-4A5E-4A41-9E24-67386093D0BD}.Debug|Win32.ActiveCfg = Debug|Win32
		{9563BB82-4A5E-4A41-9E24-67386093D0BD}.Debug|Win32.Build.0 = Debug|Win32
		{9563BB82-4A5E-4A41-9E24-67386093D0BD}.Release|Win32.ActiveCfg = Release|Win32
		{9563BB82-4A5E-4A41-9E24-67386093D0BD}.Release|Win32.Build.0 = Release|Win32
	EndGlobalSection
	GlobalSection(SolutionProperties) = preSolution
		HideSolutionNode = FALSE
	EndGlobalSection
EndGlobal
