<?xml version="1.0" encoding="utf-8"?>
<Project ToolsVersion="4.0" xmlns="http://schemas.microsoft.com/developer/msbuild/2003">
  <ItemGroup>
    <Filter Include="Main">
      <UniqueIdentifier>{4FC737F1-C7A5-4376-A066-2A32D752A2FF}</UniqueIdentifier>
      <Extensions>cpp;c;cc;cxx;def;odl;idl;hpj;bat;asm;asmx</Extensions>
    </Filter>
    <Filter Include="Menus">
      <UniqueIdentifier>{bbc8d59c-f1b9-4a8e-aca7-b844fab054d8}</UniqueIdentifier>
    </Filter>
    <Filter Include="Tiling Engine">
      <UniqueIdentifier>{292fe9bb-068c-4482-bc53-b8ce54f1aa07}</UniqueIdentifier>
    </Filter>
    <Filter Include="Tiling Engine\Engine">
      <UniqueIdentifier>{96877086-10e2-4525-a51d-230d583c0a21}</UniqueIdentifier>
    </Filter>
    <Filter Include="Tiling Engine\Level">
      <UniqueIdentifier>{d4aa3243-c2c1-41c3-95f6-9312c175e99c}</UniqueIdentifier>
    </Filter>
    <Filter Include="Tiling Engine\Camera">
      <UniqueIdentifier>{a4d939fc-1743-43a8-a138-746fb79defaa}</UniqueIdentifier>
    </Filter>
    <Filter Include="Game Objects">
      <UniqueIdentifier>{069bbb78-27d0-46f6-935b-d5d309cd6bb9}</UniqueIdentifier>
    </Filter>
    <Filter Include="Image Manager">
      <UniqueIdentifier>{04db4b42-5190-43eb-9ded-0a6aeab1a332}</UniqueIdentifier>
    </Filter>
    <Filter Include="Debug">
      <UniqueIdentifier>{46f622b7-cb32-4a03-9791-e075f08512f7}</UniqueIdentifier>
    </Filter>
    <Filter Include="Tiling Engine\Tile">
      <UniqueIdentifier>{3889f51b-160e-4802-af09-27462e4e5c26}</UniqueIdentifier>
    </Filter>
  </ItemGroup>
  <ItemGroup>
    <ClCompile Include="Main.cpp">
      <Filter>Main</Filter>
    </ClCompile>
    <ClCompile Include="Menu.cpp">
      <Filter>Menus</Filter>
    </ClCompile>
    <ClCompile Include="Engine.cpp">
      <Filter>Tiling Engine\Engine</Filter>
    </ClCompile>
    <ClCompile Include="Tile.cpp">
      <Filter>Tiling Engine\Tile</Filter>
    </ClCompile>
    <ClCompile Include="GameObject.cpp">
      <Filter>Game Objects</Filter>
    </ClCompile>
    <ClCompile Include="Level.cpp">
      <Filter>Tiling Engine\Level</Filter>
    </ClCompile>
    <ClCompile Include="Camera.cpp">
      <Filter>Tiling Engine\Camera</Filter>
    </ClCompile>
    <ClCompile Include="ImageManager.cpp">
      <Filter>Image Manager</Filter>
    </ClCompile>
    <ClCompile Include="Cycles.cpp">
      <Filter>Debug</Filter>
    </ClCompile>
  </ItemGroup>
  <ItemGroup>
    <ClInclude Include="Main.h">
      <Filter>Main</Filter>
    </ClInclude>
    <ClInclude Include="Menu.h">
      <Filter>Menus</Filter>
    </ClInclude>
    <ClInclude Include="Engine.h">
      <Filter>Tiling Engine\Engine</Filter>
    </ClInclude>
    <ClInclude Include="Tile.h">
      <Filter>Tiling Engine\Tile</Filter>
    </ClInclude>
    <ClInclude Include="GameObject.h">
      <Filter>Game Objects</Filter>
    </ClInclude>
    <ClInclude Include="Level.h">
      <Filter>Tiling Engine\Level</Filter>
    </ClInclude>
    <ClInclude Include="Camera.h">
      <Filter>Tiling Engine\Camera</Filter>
    </ClInclude>
    <ClInclude Include="ImageManager.h">
      <Filter>Image Manager</Filter>
    </ClInclude>
    <ClInclude Include="Cycles.h">
      <Filter>Debug</Filter>
    </ClInclude>
  </ItemGroup>
</Project>